
Microsoft Visual Studio Solution File, Format Version 12.00
# Visual Studio 15
VisualStudioVersion = 15.0.28307.645
MinimumVisualStudioVersion = 10.0.40219.1
Project("{FAE04EC0-301F-11D3-BF4B-00C04F79EFBC}") = "ProjektProgramowaniew59051", "ProjektProgramowaniew59051\ProjektProgramowaniew59051.csproj", "{C95749DA-49F3-4300-AE86-046AFBAACCB1}"
EndProject
Project("{FAE04EC0-301F-11D3-BF4B-00C04F79EFBC}") = "UnitTestProject1", "UnitTestProject1\UnitTestProject1.csproj", "{B0E2D3FD-DDA7-45CD-896B-A9E7511578EB}"
EndProject
Global
	GlobalSection(SolutionConfigurationPlatforms) = preSolution
		Debug|Any CPU = Debug|Any CPU
		Release|Any CPU = Release|Any CPU
	EndGlobalSection
	GlobalSection(ProjectConfigurationPlatforms) = postSolution
		{C95749DA-49F3-4300-AE86-046AFBAACCB1}.Debug|Any CPU.ActiveCfg = Debug|Any CPU
		{C95749DA-49F3-4300-AE86-046AFBAACCB1}.Debug|Any CPU.Build.0 = Debug|Any CPU
		{C95749DA-49F3-4300-AE86-046AFBAACCB1}.Release|Any CPU.ActiveCfg = Release|Any CPU
		{C95749DA-49F3-4300-AE86-046AFBAACCB1}.Release|Any CPU.Build.0 = Release|Any CPU
		{B0E2D3FD-DDA7-45CD-896B-A9E7511578EB}.Debug|Any CPU.ActiveCfg = Debug|Any CPU
		{B0E2D3FD-DDA7-45CD-896B-A9E7511578EB}.Debug|Any CPU.Build.0 = Debug|Any CPU
		{B0E2D3FD-DDA7-45CD-896B-A9E7511578EB}.Release|Any CPU.ActiveCfg = Release|Any CPU
		{B0E2D3FD-DDA7-45CD-896B-A9E7511578EB}.Release|Any CPU.Build.0 = Release|Any CPU
	EndGlobalSection
	GlobalSection(SolutionProperties) = preSolution
		HideSolutionNode = FALSE
	EndGlobalSection
	GlobalSection(ExtensibilityGlobals) = postSolution
		SolutionGuid = {C6B1C81B-2CB3-40B9-ABD2-0FFACD771123}
	EndGlobalSection
EndGlobal
